
Microsoft Visual Studio Solution File, Format Version 12.00
# Visual Studio Version 16
VisualStudioVersion = 16.0.30611.23
MinimumVisualStudioVersion = 10.0.40219.1
Project("{FAE04EC0-301F-11D3-BF4B-00C04F79EFBC}") = "StorageAccount", "StorageAccount\StorageAccount.csproj", "{70FFA307-5B61-43F2-9C94-6B48C24855CA}"
EndProject
Global
	GlobalSection(SolutionConfigurationPlatforms) = preSolution
		Debug|Any CPU = Debug|Any CPU
		Release|Any CPU = Release|Any CPU
	EndGlobalSection
	GlobalSection(ProjectConfigurationPlatforms) = postSolution
		{70FFA307-5B61-43F2-9C94-6B48C24855CA}.Debug|Any CPU.ActiveCfg = Debug|Any CPU
		{70FFA307-5B61-43F2-9C94-6B48C24855CA}.Debug|Any CPU.Build.0 = Debug|Any CPU
		{70FFA307-5B61-43F2-9C94-6B48C24855CA}.Release|Any CPU.ActiveCfg = Release|Any CPU
		{70FFA307-5B61-43F2-9C94-6B48C24855CA}.Release|Any CPU.Build.0 = Release|Any CPU
	EndGlobalSection
	GlobalSection(SolutionProperties) = preSolution
		HideSolutionNode = FALSE
	EndGlobalSection
	GlobalSection(ExtensibilityGlobals) = postSolution
		SolutionGuid = {CCC070A7-B5C4-4749-AEEA-F839547EA75E}
	EndGlobalSection
EndGlobal
